
Microsoft Visual Studio Solution File, Format Version 12.00
# Visual Studio Version 16
VisualStudioVersion = 16.0.31229.75
MinimumVisualStudioVersion = 10.0.40219.1
Project("{FAE04EC0-301F-11D3-BF4B-00C04F79EFBC}") = "Mechanics", "Mechanics\Mechanics.csproj", "{FF6B4AAD-B7DB-4F2D-955F-D477175637CB}"
EndProject
Global
	GlobalSection(SolutionConfigurationPlatforms) = preSolution
		Debug|Any CPU = Debug|Any CPU
		Release|Any CPU = Release|Any CPU
	EndGlobalSection
	GlobalSection(ProjectConfigurationPlatforms) = postSolution
		{FF6B4AAD-B7DB-4F2D-955F-D477175637CB}.Debug|Any CPU.ActiveCfg = Debug|Any CPU
		{FF6B4AAD-B7DB-4F2D-955F-D477175637CB}.Debug|Any CPU.Build.0 = Debug|Any CPU
		{FF6B4AAD-B7DB-4F2D-955F-D477175637CB}.Release|Any CPU.ActiveCfg = Release|Any CPU
		{FF6B4AAD-B7DB-4F2D-955F-D477175637CB}.Release|Any CPU.Build.0 = Release|Any CPU
	EndGlobalSection
	GlobalSection(SolutionProperties) = preSolution
		HideSolutionNode = FALSE
	EndGlobalSection
	GlobalSection(ExtensibilityGlobals) = postSolution
		SolutionGuid = {B080A434-80CA-4422-82C1-5A31C596FC5C}
	EndGlobalSection
EndGlobal
